
Microsoft Visual Studio Solution File, Format Version 12.00
# Visual Studio Version 17
VisualStudioVersion = 17.8.34408.163
MinimumVisualStudioVersion = 10.0.40219.1
Project("{FAE04EC0-301F-11D3-BF4B-00C04F79EFBC}") = "4Connect game", "4Connect game\4Connect game.csproj", "{D87B8180-35D1-4085-A5A8-FD13ED227D79}"
EndProject
Global
	GlobalSection(SolutionConfigurationPlatforms) = preSolution
		Debug|Any CPU = Debug|Any CPU
		Release|Any CPU = Release|Any CPU
	EndGlobalSection
	GlobalSection(ProjectConfigurationPlatforms) = postSolution
		{D87B8180-35D1-4085-A5A8-FD13ED227D79}.Debug|Any CPU.ActiveCfg = Debug|Any CPU
		{D87B8180-35D1-4085-A5A8-FD13ED227D79}.Debug|Any CPU.Build.0 = Debug|Any CPU
		{D87B8180-35D1-4085-A5A8-FD13ED227D79}.Release|Any CPU.ActiveCfg = Release|Any CPU
		{D87B8180-35D1-4085-A5A8-FD13ED227D79}.Release|Any CPU.Build.0 = Release|Any CPU
	EndGlobalSection
	GlobalSection(SolutionProperties) = preSolution
		HideSolutionNode = FALSE
	EndGlobalSection
	GlobalSection(ExtensibilityGlobals) = postSolution
		SolutionGuid = {25537D71-8C26-4C8C-BDEF-3670F1B96065}
	EndGlobalSection
EndGlobal
